
Microsoft Visual Studio Solution File, Format Version 12.00
# Visual Studio Version 17
VisualStudioVersion = 17.1.32210.238
MinimumVisualStudioVersion = 10.0.40219.1
Project("{FAE04EC0-301F-11D3-BF4B-00C04F79EFBC}") = "JungleKingdomThemePark_System", "JungleKingdomThemePark_System.csproj", "{C899C078-84D7-48DD-B5F2-27E6624D84E0}"
EndProject
Global
	GlobalSection(SolutionConfigurationPlatforms) = preSolution
		Debug|Any CPU = Debug|Any CPU
		Release|Any CPU = Release|Any CPU
	EndGlobalSection
	GlobalSection(ProjectConfigurationPlatforms) = postSolution
		{C899C078-84D7-48DD-B5F2-27E6624D84E0}.Debug|Any CPU.ActiveCfg = Debug|Any CPU
		{C899C078-84D7-48DD-B5F2-27E6624D84E0}.Debug|Any CPU.Build.0 = Debug|Any CPU
		{C899C078-84D7-48DD-B5F2-27E6624D84E0}.Release|Any CPU.ActiveCfg = Release|Any CPU
		{C899C078-84D7-48DD-B5F2-27E6624D84E0}.Release|Any CPU.Build.0 = Release|Any CPU
	EndGlobalSection
	GlobalSection(SolutionProperties) = preSolution
		HideSolutionNode = FALSE
	EndGlobalSection
	GlobalSection(ExtensibilityGlobals) = postSolution
		SolutionGuid = {12F0EC56-0808-4BE7-AE5E-3E64D29EFD68}
	EndGlobalSection
EndGlobal
